
Microsoft Visual Studio Solution File, Format Version 12.00
# Visual Studio Version 17
VisualStudioVersion = 17.6.33712.159
MinimumVisualStudioVersion = 10.0.40219.1
Project("{9A19103F-16F7-4668-BE54-9A1E7A4F7556}") = "Backlot.Functions", "Backlot.Functions\Backlot.Functions.csproj", "{49E53340-6B7F-447B-85B4-B497FBC194E5}"
EndProject
Project("{9A19103F-16F7-4668-BE54-9A1E7A4F7556}") = "Backlot.Core", "Backlot.Core\Backlot.Core.csproj", "{51E65B56-77FB-4D00-9260-AB6A3A5A45FB}"
EndProject
Project("{2150E333-8FDC-42A3-9474-1A3956D46DE8}") = "Backlot", "Backlot", "{EEC7F482-4D96-4447-B7AC-D582B091CF73}"
	ProjectSection(SolutionItems) = preProject
		README.MD = README.MD
		LICENSE.MD = LICENSE.MD
		.github\workflows\build-and-publish-backlot.yml = .github\workflows\build-and-publish-backlot.yml
	EndProjectSection
EndProject
Project("{9A19103F-16F7-4668-BE54-9A1E7A4F7556}") = "Backlot.Demo.Azure", "Backlot.Demo.Azure\Backlot.Demo.Azure.csproj", "{4F0FACCF-85BB-48EA-8384-9B334669ECD8}"
EndProject
Project("{2150E333-8FDC-42A3-9474-1A3956D46DE8}") = "Testing", "Testing", "{F007FA49-D1BA-4F49-B795-A2EA9DBD0BCC}"
	ProjectSection(SolutionItems) = preProject
		API.http = API.http
	EndProjectSection
EndProject
Project("{9A19103F-16F7-4668-BE54-9A1E7A4F7556}") = "Backlot.Services.Filesystem.LocalDiskStorage", "Backlot.Services.Filesystem.Disk\Backlot.Services.Filesystem.LocalDiskStorage.csproj", "{BABCF6C5-65A6-4963-8D6E-F350ADA23C02}"
EndProject
Project("{9A19103F-16F7-4668-BE54-9A1E7A4F7556}") = "Backlot.Testing", "Backlot.Testing\Backlot.Testing.csproj", "{9D25F0A5-7B4D-491A-B329-BB40792AB97F}"
EndProject
Project("{9A19103F-16F7-4668-BE54-9A1E7A4F7556}") = "Backlot.DependencyInjection.Autofac", "Backlot.DependencyInjection.Autofac\Backlot.DependencyInjection.Autofac.csproj", "{22655C96-5ABD-435F-B0E3-54180D28A1A6}"
EndProject
Project("{9A19103F-16F7-4668-BE54-9A1E7A4F7556}") = "Backlot.Defaults", "Backlot.Defaults\Backlot.Defaults.csproj", "{455F972E-DCD1-40F3-AF35-8186891F4CD3}"
EndProject
Project("{9A19103F-16F7-4668-BE54-9A1E7A4F7556}") = "Backlot.Services.Postmark", "Backlot.Services.Postmark\Backlot.Services.Postmark.csproj", "{3E8B56DD-424E-4C61-AAAC-049B610C25FA}"
EndProject
Project("{9A19103F-16F7-4668-BE54-9A1E7A4F7556}") = "Backlot.Http.Media.Formatters.Csv", "Backlot.Http.Media.Formatters.Csv\Backlot.Http.Media.Formatters.Csv.csproj", "{8568C9E1-B8AD-4D8A-B7A7-8B2E38424171}"
EndProject
Project("{FAE04EC0-301F-11D3-BF4B-00C04F79EFBC}") = "Backlot.Services.RavenDb", "Backlot.Services.RavenDB\Backlot.Services.RavenDb.csproj", "{50E71895-9DFE-44B9-B446-58A6215F9130}"
EndProject
Project("{FAE04EC0-301F-11D3-BF4B-00C04F79EFBC}") = "Backlot.Authentication.BuiltIn.Redis", "Backlot.Authentication.BuiltIn.Redis\Backlot.Authentication.BuiltIn.Redis.csproj", "{84577513-D8AE-4B93-95F0-89F41619550F}"
EndProject
Project("{FAE04EC0-301F-11D3-BF4B-00C04F79EFBC}") = "Backlot.Http.Media.Formatters.Html", "Backlot.Http.Media.Formatters.Html\Backlot.Http.Media.Formatters.Html.csproj", "{241D948A-5292-46BE-81A8-82A6C5AD88E9}"
EndProject
Project("{FAE04EC0-301F-11D3-BF4B-00C04F79EFBC}") = "Backlot.Authentication.BuiltIn", "Backlot.Authentication.BuiltIn\Backlot.Authentication.BuiltIn.csproj", "{55080E7A-0B9C-4AAC-B3D1-16A1D402E8F8}"
EndProject
Project("{FAE04EC0-301F-11D3-BF4B-00C04F79EFBC}") = "Backlot.Authentication.Auth0", "Backlot.Authentication.Auth0\Backlot.Authentication.Auth0.csproj", "{3D42D932-A37E-4DBE-827A-22FBACBE061F}"
EndProject
Project("{FAE04EC0-301F-11D3-BF4B-00C04F79EFBC}") = "Backlot.Services.SqlDb", "Backlot.Services.SqlDb\Backlot.Services.SqlDb.csproj", "{C5671DC9-58EE-49AC-B00C-57E4088C8230}"
EndProject
Project("{FAE04EC0-301F-11D3-BF4B-00C04F79EFBC}") = "Backlot.Demo.Console", "Backlot.Demo.Console\Backlot.Demo.Console.csproj", "{72A09ED4-D93F-4E0A-89EC-2E93D5272E80}"
EndProject
Project("{2150E333-8FDC-42A3-9474-1A3956D46DE8}") = "Demos", "Demos", "{FE6A6561-0B1F-43D6-A565-E9D80E5B90B3}"
EndProject
Project("{2150E333-8FDC-42A3-9474-1A3956D46DE8}") = "Core", "Core", "{B148FCBA-686B-40C8-A087-456B34DF292C}"
EndProject
Project("{2150E333-8FDC-42A3-9474-1A3956D46DE8}") = "Server", "Server", "{C79CA675-3373-4010-B232-F6B3A2631DFE}"
EndProject
Project("{FAE04EC0-301F-11D3-BF4B-00C04F79EFBC}") = "Backlot.Services.Filesystem.BlobStorage", "Backlot.Services.Filesystem.BlobStorage\Backlot.Services.Filesystem.BlobStorage.csproj", "{8FC771DF-51DB-4BD4-AE0B-CE926E6DBD98}"
EndProject
Project("{2150E333-8FDC-42A3-9474-1A3956D46DE8}") = "Infrastructure", "Infrastructure", "{A1077D76-F986-4347-86BC-1E12B2A246D7}"
EndProject
Project("{2150E333-8FDC-42A3-9474-1A3956D46DE8}") = "Databases", "Databases", "{AE9578E7-238F-4460-ACFE-E1C8095EC1B5}"
EndProject
Project("{2150E333-8FDC-42A3-9474-1A3956D46DE8}") = "FileSystems", "FileSystems", "{90AD3D1A-27BF-490A-A616-8EFC5A29BBC7}"
EndProject
Project("{2150E333-8FDC-42A3-9474-1A3956D46DE8}") = "Authentication", "Authentication", "{F0B289A4-3880-4625-B32D-F6DB8C8FDFA6}"
EndProject
Project("{2150E333-8FDC-42A3-9474-1A3956D46DE8}") = "Formatters", "Formatters", "{4E6B79AE-55A2-40BD-91B8-8017462F140B}"
EndProject
Project("{2150E333-8FDC-42A3-9474-1A3956D46DE8}") = "Solution Items", "Solution Items", "{F2252495-15BE-4D3C-B059-83DC094560B3}"
	ProjectSection(SolutionItems) = preProject
		compose.yaml = compose.yaml
	EndProjectSection
EndProject
Project("{FAE04EC0-301F-11D3-BF4B-00C04F79EFBC}") = "Backlot.Demo.Web", "Backlot.Demo.Web\Backlot.Demo.Web.csproj", "{DE0E3B94-50F3-4ED5-8D3B-ECBB0882B804}"
EndProject
Project("{FAE04EC0-301F-11D3-BF4B-00C04F79EFBC}") = "Backlot.Http", "Backlot.Http\Backlot.Http.csproj", "{7E274A7D-A170-413F-B19F-63B330BECCD6}"
EndProject
Project("{FAE04EC0-301F-11D3-BF4B-00C04F79EFBC}") = "Backlot.Services.LiteDB", "Backlot.Services.LiteDB\Backlot.Services.LiteDB.csproj", "{99B22128-2954-4A6E-B5E3-F5D0427E61C1}"
EndProject
Project("{FAE04EC0-301F-11D3-BF4B-00C04F79EFBC}") = "Backlot.Authentication.Basic", "Backlot.Authentication.Basic\Backlot.Authentication.Basic.csproj", "{ABD8F98E-12A7-4B3F-B6F4-7095BF32641B}"
EndProject
Project("{FAE04EC0-301F-11D3-BF4B-00C04F79EFBC}") = "Backlot.WebApp", "Backlot.WebApp\Backlot.WebApp.csproj", "{31B3B2CF-8463-4086-83EB-709D4A2C5EC5}"
EndProject
Project("{FAE04EC0-301F-11D3-BF4B-00C04F79EFBC}") = "Backlot.Http.DependencyInjection.Autofac", "Backlot.Http.DependencyInjection.Autofac\Backlot.Http.DependencyInjection.Autofac.csproj", "{9BB1C8AD-A088-4F9D-B86A-E2BA48393909}"
EndProject
Project("{2150E333-8FDC-42A3-9474-1A3956D46DE8}") = "UI", "UI", "{A7A06642-D1D6-4C20-ADF3-C7107B171CF4}"
EndProject
Project("{FAE04EC0-301F-11D3-BF4B-00C04F79EFBC}") = "Backlot.Studio", "Backlot.Studio\Backlot.Studio.csproj", "{E235DF16-3783-4065-964A-C768E5EF238C}"
EndProject
Global
	GlobalSection(SolutionConfigurationPlatforms) = preSolution
		Debug|Any CPU = Debug|Any CPU
		Debug|x64 = Debug|x64
		Debug|x86 = Debug|x86
		Release|Any CPU = Release|Any CPU
		Release|x64 = Release|x64
		Release|x86 = Release|x86
		Development|Any CPU = Development|Any CPU
		Development|x64 = Development|x64
		Development|x86 = Development|x86
	EndGlobalSection
	GlobalSection(ProjectConfigurationPlatforms) = postSolution
		{49E53340-6B7F-447B-85B4-B497FBC194E5}.Debug|Any CPU.ActiveCfg = Debug|Any CPU
		{49E53340-6B7F-447B-85B4-B497FBC194E5}.Debug|Any CPU.Build.0 = Debug|Any CPU
		{49E53340-6B7F-447B-85B4-B497FBC194E5}.Debug|x64.ActiveCfg = Debug|Any CPU
		{49E53340-6B7F-447B-85B4-B497FBC194E5}.Debug|x64.Build.0 = Debug|Any CPU
		{49E53340-6B7F-447B-85B4-B497FBC194E5}.Debug|x86.ActiveCfg = Debug|Any CPU
		{49E53340-6B7F-447B-85B4-B497FBC194E5}.Debug|x86.Build.0 = Debug|Any CPU
		{49E53340-6B7F-447B-85B4-B497FBC194E5}.Release|Any CPU.ActiveCfg = Release|Any CPU
		{49E53340-6B7F-447B-85B4-B497FBC194E5}.Release|Any CPU.Build.0 = Release|Any CPU
		{49E53340-6B7F-447B-85B4-B497FBC194E5}.Release|x64.ActiveCfg = Release|Any CPU
		{49E53340-6B7F-447B-85B4-B497FBC194E5}.Release|x64.Build.0 = Release|Any CPU
		{49E53340-6B7F-447B-85B4-B497FBC194E5}.Release|x86.ActiveCfg = Release|Any CPU
		{49E53340-6B7F-447B-85B4-B497FBC194E5}.Release|x86.Build.0 = Release|Any CPU
		{49E53340-6B7F-447B-85B4-B497FBC194E5}.Development|Any CPU.ActiveCfg = Development|Any CPU
		{49E53340-6B7F-447B-85B4-B497FBC194E5}.Development|Any CPU.Build.0 = Development|Any CPU
		{49E53340-6B7F-447B-85B4-B497FBC194E5}.Development|x64.ActiveCfg = Development|Any CPU
		{49E53340-6B7F-447B-85B4-B497FBC194E5}.Development|x64.Build.0 = Development|Any CPU
		{49E53340-6B7F-447B-85B4-B497FBC194E5}.Development|x86.ActiveCfg = Development|Any CPU
		{49E53340-6B7F-447B-85B4-B497FBC194E5}.Development|x86.Build.0 = Development|Any CPU
		{51E65B56-77FB-4D00-9260-AB6A3A5A45FB}.Debug|Any CPU.ActiveCfg = Debug|Any CPU
		{51E65B56-77FB-4D00-9260-AB6A3A5A45FB}.Debug|Any CPU.Build.0 = Debug|Any CPU
		{51E65B56-77FB-4D00-9260-AB6A3A5A45FB}.Debug|x64.ActiveCfg = Debug|Any CPU
		{51E65B56-77FB-4D00-9260-AB6A3A5A45FB}.Debug|x64.Build.0 = Debug|Any CPU
		{51E65B56-77FB-4D00-9260-AB6A3A5A45FB}.Debug|x86.ActiveCfg = Debug|Any CPU
		{51E65B56-77FB-4D00-9260-AB6A3A5A45FB}.Debug|x86.Build.0 = Debug|Any CPU
		{51E65B56-77FB-4D00-9260-AB6A3A5A45FB}.Release|Any CPU.ActiveCfg = Release|Any CPU
		{51E65B56-77FB-4D00-9260-AB6A3A5A45FB}.Release|Any CPU.Build.0 = Release|Any CPU
		{51E65B56-77FB-4D00-9260-AB6A3A5A45FB}.Release|x64.ActiveCfg = Release|Any CPU
		{51E65B56-77FB-4D00-9260-AB6A3A5A45FB}.Release|x64.Build.0 = Release|Any CPU
		{51E65B56-77FB-4D00-9260-AB6A3A5A45FB}.Release|x86.ActiveCfg = Release|Any CPU
		{51E65B56-77FB-4D00-9260-AB6A3A5A45FB}.Release|x86.Build.0 = Release|Any CPU
		{51E65B56-77FB-4D00-9260-AB6A3A5A45FB}.Development|Any CPU.ActiveCfg = Development|Any CPU
		{51E65B56-77FB-4D00-9260-AB6A3A5A45FB}.Development|Any CPU.Build.0 = Development|Any CPU
		{51E65B56-77FB-4D00-9260-AB6A3A5A45FB}.Development|x64.ActiveCfg = Development|Any CPU
		{51E65B56-77FB-4D00-9260-AB6A3A5A45FB}.Development|x64.Build.0 = Development|Any CPU
		{51E65B56-77FB-4D00-9260-AB6A3A5A45FB}.Development|x86.ActiveCfg = Development|Any CPU
		{51E65B56-77FB-4D00-9260-AB6A3A5A45FB}.Development|x86.Build.0 = Development|Any CPU
		{4F0FACCF-85BB-48EA-8384-9B334669ECD8}.Debug|Any CPU.ActiveCfg = Debug|Any CPU
		{4F0FACCF-85BB-48EA-8384-9B334669ECD8}.Debug|Any CPU.Build.0 = Debug|Any CPU
		{4F0FACCF-85BB-48EA-8384-9B334669ECD8}.Debug|x64.ActiveCfg = Debug|Any CPU
		{4F0FACCF-85BB-48EA-8384-9B334669ECD8}.Debug|x64.Build.0 = Debug|Any CPU
		{4F0FACCF-85BB-48EA-8384-9B334669ECD8}.Debug|x86.ActiveCfg = Debug|Any CPU
		{4F0FACCF-85BB-48EA-8384-9B334669ECD8}.Debug|x86.Build.0 = Debug|Any CPU
		{4F0FACCF-85BB-48EA-8384-9B334669ECD8}.Release|Any CPU.ActiveCfg = Release|Any CPU
		{4F0FACCF-85BB-48EA-8384-9B334669ECD8}.Release|Any CPU.Build.0 = Release|Any CPU
		{4F0FACCF-85BB-48EA-8384-9B334669ECD8}.Release|x64.ActiveCfg = Release|Any CPU
		{4F0FACCF-85BB-48EA-8384-9B334669ECD8}.Release|x64.Build.0 = Release|Any CPU
		{4F0FACCF-85BB-48EA-8384-9B334669ECD8}.Release|x86.ActiveCfg = Release|Any CPU
		{4F0FACCF-85BB-48EA-8384-9B334669ECD8}.Release|x86.Build.0 = Release|Any CPU
		{4F0FACCF-85BB-48EA-8384-9B334669ECD8}.Development|Any CPU.ActiveCfg = Development|Any CPU
		{4F0FACCF-85BB-48EA-8384-9B334669ECD8}.Development|Any CPU.Build.0 = Development|Any CPU
		{4F0FACCF-85BB-48EA-8384-9B334669ECD8}.Development|x64.ActiveCfg = Development|Any CPU
		{4F0FACCF-85BB-48EA-8384-9B334669ECD8}.Development|x64.Build.0 = Development|Any CPU
		{4F0FACCF-85BB-48EA-8384-9B334669ECD8}.Development|x86.ActiveCfg = Development|Any CPU
		{4F0FACCF-85BB-48EA-8384-9B334669ECD8}.Development|x86.Build.0 = Development|Any CPU
		{BABCF6C5-65A6-4963-8D6E-F350ADA23C02}.Debug|Any CPU.ActiveCfg = Debug|Any CPU
		{BABCF6C5-65A6-4963-8D6E-F350ADA23C02}.Debug|Any CPU.Build.0 = Debug|Any CPU
		{BABCF6C5-65A6-4963-8D6E-F350ADA23C02}.Debug|x64.ActiveCfg = Debug|Any CPU
		{BABCF6C5-65A6-4963-8D6E-F350ADA23C02}.Debug|x64.Build.0 = Debug|Any CPU
		{BABCF6C5-65A6-4963-8D6E-F350ADA23C02}.Debug|x86.ActiveCfg = Debug|Any CPU
		{BABCF6C5-65A6-4963-8D6E-F350ADA23C02}.Debug|x86.Build.0 = Debug|Any CPU
		{BABCF6C5-65A6-4963-8D6E-F350ADA23C02}.Release|Any CPU.ActiveCfg = Release|Any CPU
		{BABCF6C5-65A6-4963-8D6E-F350ADA23C02}.Release|Any CPU.Build.0 = Release|Any CPU
		{BABCF6C5-65A6-4963-8D6E-F350ADA23C02}.Release|x64.ActiveCfg = Release|Any CPU
		{BABCF6C5-65A6-4963-8D6E-F350ADA23C02}.Release|x64.Build.0 = Release|Any CPU
		{BABCF6C5-65A6-4963-8D6E-F350ADA23C02}.Release|x86.ActiveCfg = Release|Any CPU
		{BABCF6C5-65A6-4963-8D6E-F350ADA23C02}.Release|x86.Build.0 = Release|Any CPU
		{BABCF6C5-65A6-4963-8D6E-F350ADA23C02}.Development|Any CPU.ActiveCfg = Development|Any CPU
		{BABCF6C5-65A6-4963-8D6E-F350ADA23C02}.Development|Any CPU.Build.0 = Development|Any CPU
		{BABCF6C5-65A6-4963-8D6E-F350ADA23C02}.Development|x64.ActiveCfg = Development|Any CPU
		{BABCF6C5-65A6-4963-8D6E-F350ADA23C02}.Development|x64.Build.0 = Development|Any CPU
		{BABCF6C5-65A6-4963-8D6E-F350ADA23C02}.Development|x86.ActiveCfg = Development|Any CPU
		{BABCF6C5-65A6-4963-8D6E-F350ADA23C02}.Development|x86.Build.0 = Development|Any CPU
		{9D25F0A5-7B4D-491A-B329-BB40792AB97F}.Debug|Any CPU.ActiveCfg = Debug|Any CPU
		{9D25F0A5-7B4D-491A-B329-BB40792AB97F}.Debug|Any CPU.Build.0 = Debug|Any CPU
		{9D25F0A5-7B4D-491A-B329-BB40792AB97F}.Debug|x64.ActiveCfg = Debug|Any CPU
		{9D25F0A5-7B4D-491A-B329-BB40792AB97F}.Debug|x64.Build.0 = Debug|Any CPU
		{9D25F0A5-7B4D-491A-B329-BB40792AB97F}.Debug|x86.ActiveCfg = Debug|Any CPU
		{9D25F0A5-7B4D-491A-B329-BB40792AB97F}.Debug|x86.Build.0 = Debug|Any CPU
		{9D25F0A5-7B4D-491A-B329-BB40792AB97F}.Release|Any CPU.ActiveCfg = Release|Any CPU
		{9D25F0A5-7B4D-491A-B329-BB40792AB97F}.Release|Any CPU.Build.0 = Release|Any CPU
		{9D25F0A5-7B4D-491A-B329-BB40792AB97F}.Release|x64.ActiveCfg = Release|Any CPU
		{9D25F0A5-7B4D-491A-B329-BB40792AB97F}.Release|x64.Build.0 = Release|Any CPU
		{9D25F0A5-7B4D-491A-B329-BB40792AB97F}.Release|x86.ActiveCfg = Release|Any CPU
		{9D25F0A5-7B4D-491A-B329-BB40792AB97F}.Release|x86.Build.0 = Release|Any CPU
		{9D25F0A5-7B4D-491A-B329-BB40792AB97F}.Development|Any CPU.ActiveCfg = Development|Any CPU
		{9D25F0A5-7B4D-491A-B329-BB40792AB97F}.Development|Any CPU.Build.0 = Development|Any CPU
		{9D25F0A5-7B4D-491A-B329-BB40792AB97F}.Development|x64.ActiveCfg = Development|Any CPU
		{9D25F0A5-7B4D-491A-B329-BB40792AB97F}.Development|x64.Build.0 = Development|Any CPU
		{9D25F0A5-7B4D-491A-B329-BB40792AB97F}.Development|x86.ActiveCfg = Development|Any CPU
		{9D25F0A5-7B4D-491A-B329-BB40792AB97F}.Development|x86.Build.0 = Development|Any CPU
		{22655C96-5ABD-435F-B0E3-54180D28A1A6}.Debug|Any CPU.ActiveCfg = Debug|Any CPU
		{22655C96-5ABD-435F-B0E3-54180D28A1A6}.Debug|Any CPU.Build.0 = Debug|Any CPU
		{22655C96-5ABD-435F-B0E3-54180D28A1A6}.Debug|x64.ActiveCfg = Debug|Any CPU
		{22655C96-5ABD-435F-B0E3-54180D28A1A6}.Debug|x64.Build.0 = Debug|Any CPU
		{22655C96-5ABD-435F-B0E3-54180D28A1A6}.Debug|x86.ActiveCfg = Debug|Any CPU
		{22655C96-5ABD-435F-B0E3-54180D28A1A6}.Debug|x86.Build.0 = Debug|Any CPU
		{22655C96-5ABD-435F-B0E3-54180D28A1A6}.Release|Any CPU.ActiveCfg = Release|Any CPU
		{22655C96-5ABD-435F-B0E3-54180D28A1A6}.Release|Any CPU.Build.0 = Release|Any CPU
		{22655C96-5ABD-435F-B0E3-54180D28A1A6}.Release|x64.ActiveCfg = Release|Any CPU
		{22655C96-5ABD-435F-B0E3-54180D28A1A6}.Release|x64.Build.0 = Release|Any CPU
		{22655C96-5ABD-435F-B0E3-54180D28A1A6}.Release|x86.ActiveCfg = Release|Any CPU
		{22655C96-5ABD-435F-B0E3-54180D28A1A6}.Release|x86.Build.0 = Release|Any CPU
		{22655C96-5ABD-435F-B0E3-54180D28A1A6}.Development|Any CPU.ActiveCfg = Development|Any CPU
		{22655C96-5ABD-435F-B0E3-54180D28A1A6}.Development|Any CPU.Build.0 = Development|Any CPU
		{22655C96-5ABD-435F-B0E3-54180D28A1A6}.Development|x64.ActiveCfg = Development|Any CPU
		{22655C96-5ABD-435F-B0E3-54180D28A1A6}.Development|x64.Build.0 = Development|Any CPU
		{22655C96-5ABD-435F-B0E3-54180D28A1A6}.Development|x86.ActiveCfg = Development|Any CPU
		{22655C96-5ABD-435F-B0E3-54180D28A1A6}.Development|x86.Build.0 = Development|Any CPU
		{455F972E-DCD1-40F3-AF35-8186891F4CD3}.Debug|Any CPU.ActiveCfg = Debug|Any CPU
		{455F972E-DCD1-40F3-AF35-8186891F4CD3}.Debug|Any CPU.Build.0 = Debug|Any CPU
		{455F972E-DCD1-40F3-AF35-8186891F4CD3}.Debug|x64.ActiveCfg = Debug|Any CPU
		{455F972E-DCD1-40F3-AF35-8186891F4CD3}.Debug|x64.Build.0 = Debug|Any CPU
		{455F972E-DCD1-40F3-AF35-8186891F4CD3}.Debug|x86.ActiveCfg = Debug|Any CPU
		{455F972E-DCD1-40F3-AF35-8186891F4CD3}.Debug|x86.Build.0 = Debug|Any CPU
		{455F972E-DCD1-40F3-AF35-8186891F4CD3}.Release|Any CPU.ActiveCfg = Release|Any CPU
		{455F972E-DCD1-40F3-AF35-8186891F4CD3}.Release|Any CPU.Build.0 = Release|Any CPU
		{455F972E-DCD1-40F3-AF35-8186891F4CD3}.Release|x64.ActiveCfg = Release|Any CPU
		{455F972E-DCD1-40F3-AF35-8186891F4CD3}.Release|x64.Build.0 = Release|Any CPU
		{455F972E-DCD1-40F3-AF35-8186891F4CD3}.Release|x86.ActiveCfg = Release|Any CPU
		{455F972E-DCD1-40F3-AF35-8186891F4CD3}.Release|x86.Build.0 = Release|Any CPU
		{455F972E-DCD1-40F3-AF35-8186891F4CD3}.Development|Any CPU.ActiveCfg = Development|Any CPU
		{455F972E-DCD1-40F3-AF35-8186891F4CD3}.Development|Any CPU.Build.0 = Development|Any CPU
		{455F972E-DCD1-40F3-AF35-8186891F4CD3}.Development|x64.ActiveCfg = Development|Any CPU
		{455F972E-DCD1-40F3-AF35-8186891F4CD3}.Development|x64.Build.0 = Development|Any CPU
		{455F972E-DCD1-40F3-AF35-8186891F4CD3}.Development|x86.ActiveCfg = Development|Any CPU
		{455F972E-DCD1-40F3-AF35-8186891F4CD3}.Development|x86.Build.0 = Development|Any CPU
		{3E8B56DD-424E-4C61-AAAC-049B610C25FA}.Debug|Any CPU.ActiveCfg = Debug|Any CPU
		{3E8B56DD-424E-4C61-AAAC-049B610C25FA}.Debug|Any CPU.Build.0 = Debug|Any CPU
		{3E8B56DD-424E-4C61-AAAC-049B610C25FA}.Debug|x64.ActiveCfg = Debug|Any CPU
		{3E8B56DD-424E-4C61-AAAC-049B610C25FA}.Debug|x64.Build.0 = Debug|Any CPU
		{3E8B56DD-424E-4C61-AAAC-049B610C25FA}.Debug|x86.ActiveCfg = Debug|Any CPU
		{3E8B56DD-424E-4C61-AAAC-049B610C25FA}.Debug|x86.Build.0 = Debug|Any CPU
		{3E8B56DD-424E-4C61-AAAC-049B610C25FA}.Release|Any CPU.ActiveCfg = Release|Any CPU
		{3E8B56DD-424E-4C61-AAAC-049B610C25FA}.Release|Any CPU.Build.0 = Release|Any CPU
		{3E8B56DD-424E-4C61-AAAC-049B610C25FA}.Release|x64.ActiveCfg = Release|Any CPU
		{3E8B56DD-424E-4C61-AAAC-049B610C25FA}.Release|x64.Build.0 = Release|Any CPU
		{3E8B56DD-424E-4C61-AAAC-049B610C25FA}.Release|x86.ActiveCfg = Release|Any CPU
		{3E8B56DD-424E-4C61-AAAC-049B610C25FA}.Release|x86.Build.0 = Release|Any CPU
		{3E8B56DD-424E-4C61-AAAC-049B610C25FA}.Development|Any CPU.ActiveCfg = Development|Any CPU
		{3E8B56DD-424E-4C61-AAAC-049B610C25FA}.Development|Any CPU.Build.0 = Development|Any CPU
		{3E8B56DD-424E-4C61-AAAC-049B610C25FA}.Development|x64.ActiveCfg = Development|Any CPU
		{3E8B56DD-424E-4C61-AAAC-049B610C25FA}.Development|x64.Build.0 = Development|Any CPU
		{3E8B56DD-424E-4C61-AAAC-049B610C25FA}.Development|x86.ActiveCfg = Development|Any CPU
		{3E8B56DD-424E-4C61-AAAC-049B610C25FA}.Development|x86.Build.0 = Development|Any CPU
		{8568C9E1-B8AD-4D8A-B7A7-8B2E38424171}.Debug|Any CPU.ActiveCfg = Debug|Any CPU
		{8568C9E1-B8AD-4D8A-B7A7-8B2E38424171}.Debug|Any CPU.Build.0 = Debug|Any CPU
		{8568C9E1-B8AD-4D8A-B7A7-8B2E38424171}.Debug|x64.ActiveCfg = Debug|Any CPU
		{8568C9E1-B8AD-4D8A-B7A7-8B2E38424171}.Debug|x64.Build.0 = Debug|Any CPU
		{8568C9E1-B8AD-4D8A-B7A7-8B2E38424171}.Debug|x86.ActiveCfg = Debug|Any CPU
		{8568C9E1-B8AD-4D8A-B7A7-8B2E38424171}.Debug|x86.Build.0 = Debug|Any CPU
		{8568C9E1-B8AD-4D8A-B7A7-8B2E38424171}.Release|Any CPU.ActiveCfg = Release|Any CPU
		{8568C9E1-B8AD-4D8A-B7A7-8B2E38424171}.Release|Any CPU.Build.0 = Release|Any CPU
		{8568C9E1-B8AD-4D8A-B7A7-8B2E38424171}.Release|x64.ActiveCfg = Release|Any CPU
		{8568C9E1-B8AD-4D8A-B7A7-8B2E38424171}.Release|x64.Build.0 = Release|Any CPU
		{8568C9E1-B8AD-4D8A-B7A7-8B2E38424171}.Release|x86.ActiveCfg = Release|Any CPU
		{8568C9E1-B8AD-4D8A-B7A7-8B2E38424171}.Release|x86.Build.0 = Release|Any CPU
		{8568C9E1-B8AD-4D8A-B7A7-8B2E38424171}.Development|Any CPU.ActiveCfg = Development|Any CPU
		{8568C9E1-B8AD-4D8A-B7A7-8B2E38424171}.Development|Any CPU.Build.0 = Development|Any CPU
		{8568C9E1-B8AD-4D8A-B7A7-8B2E38424171}.Development|x64.ActiveCfg = Development|Any CPU
		{8568C9E1-B8AD-4D8A-B7A7-8B2E38424171}.Development|x64.Build.0 = Development|Any CPU
		{8568C9E1-B8AD-4D8A-B7A7-8B2E38424171}.Development|x86.ActiveCfg = Development|Any CPU
		{8568C9E1-B8AD-4D8A-B7A7-8B2E38424171}.Development|x86.Build.0 = Development|Any CPU
		{50E71895-9DFE-44B9-B446-58A6215F9130}.Debug|Any CPU.ActiveCfg = Debug|Any CPU
		{50E71895-9DFE-44B9-B446-58A6215F9130}.Debug|Any CPU.Build.0 = Debug|Any CPU
		{50E71895-9DFE-44B9-B446-58A6215F9130}.Debug|x64.ActiveCfg = Debug|Any CPU
		{50E71895-9DFE-44B9-B446-58A6215F9130}.Debug|x64.Build.0 = Debug|Any CPU
		{50E71895-9DFE-44B9-B446-58A6215F9130}.Debug|x86.ActiveCfg = Debug|Any CPU
		{50E71895-9DFE-44B9-B446-58A6215F9130}.Debug|x86.Build.0 = Debug|Any CPU
		{50E71895-9DFE-44B9-B446-58A6215F9130}.Release|Any CPU.ActiveCfg = Release|Any CPU
		{50E71895-9DFE-44B9-B446-58A6215F9130}.Release|Any CPU.Build.0 = Release|Any CPU
		{50E71895-9DFE-44B9-B446-58A6215F9130}.Release|x64.ActiveCfg = Release|Any CPU
		{50E71895-9DFE-44B9-B446-58A6215F9130}.Release|x64.Build.0 = Release|Any CPU
		{50E71895-9DFE-44B9-B446-58A6215F9130}.Release|x86.ActiveCfg = Release|Any CPU
		{50E71895-9DFE-44B9-B446-58A6215F9130}.Release|x86.Build.0 = Release|Any CPU
		{50E71895-9DFE-44B9-B446-58A6215F9130}.Development|Any CPU.ActiveCfg = Development|Any CPU
		{50E71895-9DFE-44B9-B446-58A6215F9130}.Development|Any CPU.Build.0 = Development|Any CPU
		{50E71895-9DFE-44B9-B446-58A6215F9130}.Development|x64.ActiveCfg = Development|Any CPU
		{50E71895-9DFE-44B9-B446-58A6215F9130}.Development|x64.Build.0 = Development|Any CPU
		{50E71895-9DFE-44B9-B446-58A6215F9130}.Development|x86.ActiveCfg = Development|Any CPU
		{50E71895-9DFE-44B9-B446-58A6215F9130}.Development|x86.Build.0 = Development|Any CPU
		{84577513-D8AE-4B93-95F0-89F41619550F}.Debug|Any CPU.ActiveCfg = Debug|Any CPU
		{84577513-D8AE-4B93-95F0-89F41619550F}.Debug|Any CPU.Build.0 = Debug|Any CPU
		{84577513-D8AE-4B93-95F0-89F41619550F}.Debug|x64.ActiveCfg = Debug|Any CPU
		{84577513-D8AE-4B93-95F0-89F41619550F}.Debug|x64.Build.0 = Debug|Any CPU
		{84577513-D8AE-4B93-95F0-89F41619550F}.Debug|x86.ActiveCfg = Debug|Any CPU
		{84577513-D8AE-4B93-95F0-89F41619550F}.Debug|x86.Build.0 = Debug|Any CPU
		{84577513-D8AE-4B93-95F0-89F41619550F}.Release|Any CPU.ActiveCfg = Release|Any CPU
		{84577513-D8AE-4B93-95F0-89F41619550F}.Release|Any CPU.Build.0 = Release|Any CPU
		{84577513-D8AE-4B93-95F0-89F41619550F}.Release|x64.ActiveCfg = Release|Any CPU
		{84577513-D8AE-4B93-95F0-89F41619550F}.Release|x64.Build.0 = Release|Any CPU
		{84577513-D8AE-4B93-95F0-89F41619550F}.Release|x86.ActiveCfg = Release|Any CPU
		{84577513-D8AE-4B93-95F0-89F41619550F}.Release|x86.Build.0 = Release|Any CPU
		{84577513-D8AE-4B93-95F0-89F41619550F}.Development|Any CPU.ActiveCfg = Development|Any CPU
		{84577513-D8AE-4B93-95F0-89F41619550F}.Development|Any CPU.Build.0 = Development|Any CPU
		{84577513-D8AE-4B93-95F0-89F41619550F}.Development|x64.ActiveCfg = Development|Any CPU
		{84577513-D8AE-4B93-95F0-89F41619550F}.Development|x64.Build.0 = Development|Any CPU
		{84577513-D8AE-4B93-95F0-89F41619550F}.Development|x86.ActiveCfg = Development|Any CPU
		{84577513-D8AE-4B93-95F0-89F41619550F}.Development|x86.Build.0 = Development|Any CPU
		{241D948A-5292-46BE-81A8-82A6C5AD88E9}.Debug|Any CPU.ActiveCfg = Debug|Any CPU
		{241D948A-5292-46BE-81A8-82A6C5AD88E9}.Debug|Any CPU.Build.0 = Debug|Any CPU
		{241D948A-5292-46BE-81A8-82A6C5AD88E9}.Debug|x64.ActiveCfg = Debug|Any CPU
		{241D948A-5292-46BE-81A8-82A6C5AD88E9}.Debug|x64.Build.0 = Debug|Any CPU
		{241D948A-5292-46BE-81A8-82A6C5AD88E9}.Debug|x86.ActiveCfg = Debug|Any CPU
		{241D948A-5292-46BE-81A8-82A6C5AD88E9}.Debug|x86.Build.0 = Debug|Any CPU
		{241D948A-5292-46BE-81A8-82A6C5AD88E9}.Release|Any CPU.ActiveCfg = Release|Any CPU
		{241D948A-5292-46BE-81A8-82A6C5AD88E9}.Release|Any CPU.Build.0 = Release|Any CPU
		{241D948A-5292-46BE-81A8-82A6C5AD88E9}.Release|x64.ActiveCfg = Release|Any CPU
		{241D948A-5292-46BE-81A8-82A6C5AD88E9}.Release|x64.Build.0 = Release|Any CPU
		{241D948A-5292-46BE-81A8-82A6C5AD88E9}.Release|x86.ActiveCfg = Release|Any CPU
		{241D948A-5292-46BE-81A8-82A6C5AD88E9}.Release|x86.Build.0 = Release|Any CPU
		{241D948A-5292-46BE-81A8-82A6C5AD88E9}.Development|Any CPU.ActiveCfg = Development|Any CPU
		{241D948A-5292-46BE-81A8-82A6C5AD88E9}.Development|Any CPU.Build.0 = Development|Any CPU
		{241D948A-5292-46BE-81A8-82A6C5AD88E9}.Development|x64.ActiveCfg = Development|Any CPU
		{241D948A-5292-46BE-81A8-82A6C5AD88E9}.Development|x64.Build.0 = Development|Any CPU
		{241D948A-5292-46BE-81A8-82A6C5AD88E9}.Development|x86.ActiveCfg = Development|Any CPU
		{241D948A-5292-46BE-81A8-82A6C5AD88E9}.Development|x86.Build.0 = Development|Any CPU
		{55080E7A-0B9C-4AAC-B3D1-16A1D402E8F8}.Debug|Any CPU.ActiveCfg = Debug|Any CPU
		{55080E7A-0B9C-4AAC-B3D1-16A1D402E8F8}.Debug|Any CPU.Build.0 = Debug|Any CPU
		{55080E7A-0B9C-4AAC-B3D1-16A1D402E8F8}.Debug|x64.ActiveCfg = Debug|Any CPU
		{55080E7A-0B9C-4AAC-B3D1-16A1D402E8F8}.Debug|x64.Build.0 = Debug|Any CPU
		{55080E7A-0B9C-4AAC-B3D1-16A1D402E8F8}.Debug|x86.ActiveCfg = Debug|Any CPU
		{55080E7A-0B9C-4AAC-B3D1-16A1D402E8F8}.Debug|x86.Build.0 = Debug|Any CPU
		{55080E7A-0B9C-4AAC-B3D1-16A1D402E8F8}.Release|Any CPU.ActiveCfg = Release|Any CPU
		{55080E7A-0B9C-4AAC-B3D1-16A1D402E8F8}.Release|Any CPU.Build.0 = Release|Any CPU
		{55080E7A-0B9C-4AAC-B3D1-16A1D402E8F8}.Release|x64.ActiveCfg = Release|Any CPU
		{55080E7A-0B9C-4AAC-B3D1-16A1D402E8F8}.Release|x64.Build.0 = Release|Any CPU
		{55080E7A-0B9C-4AAC-B3D1-16A1D402E8F8}.Release|x86.ActiveCfg = Release|Any CPU
		{55080E7A-0B9C-4AAC-B3D1-16A1D402E8F8}.Release|x86.Build.0 = Release|Any CPU
		{55080E7A-0B9C-4AAC-B3D1-16A1D402E8F8}.Development|Any CPU.ActiveCfg = Development|Any CPU
		{55080E7A-0B9C-4AAC-B3D1-16A1D402E8F8}.Development|Any CPU.Build.0 = Development|Any CPU
		{55080E7A-0B9C-4AAC-B3D1-16A1D402E8F8}.Development|x64.ActiveCfg = Development|Any CPU
		{55080E7A-0B9C-4AAC-B3D1-16A1D402E8F8}.Development|x64.Build.0 = Development|Any CPU
		{55080E7A-0B9C-4AAC-B3D1-16A1D402E8F8}.Development|x86.ActiveCfg = Development|Any CPU
		{55080E7A-0B9C-4AAC-B3D1-16A1D402E8F8}.Development|x86.Build.0 = Development|Any CPU
		{3D42D932-A37E-4DBE-827A-22FBACBE061F}.Debug|Any CPU.ActiveCfg = Debug|Any CPU
		{3D42D932-A37E-4DBE-827A-22FBACBE061F}.Debug|Any CPU.Build.0 = Debug|Any CPU
		{3D42D932-A37E-4DBE-827A-22FBACBE061F}.Debug|x64.ActiveCfg = Debug|Any CPU
		{3D42D932-A37E-4DBE-827A-22FBACBE061F}.Debug|x64.Build.0 = Debug|Any CPU
		{3D42D932-A37E-4DBE-827A-22FBACBE061F}.Debug|x86.ActiveCfg = Debug|Any CPU
		{3D42D932-A37E-4DBE-827A-22FBACBE061F}.Debug|x86.Build.0 = Debug|Any CPU
		{3D42D932-A37E-4DBE-827A-22FBACBE061F}.Release|Any CPU.ActiveCfg = Release|Any CPU
		{3D42D932-A37E-4DBE-827A-22FBACBE061F}.Release|Any CPU.Build.0 = Release|Any CPU
		{3D42D932-A37E-4DBE-827A-22FBACBE061F}.Release|x64.ActiveCfg = Release|Any CPU
		{3D42D932-A37E-4DBE-827A-22FBACBE061F}.Release|x64.Build.0 = Release|Any CPU
		{3D42D932-A37E-4DBE-827A-22FBACBE061F}.Release|x86.ActiveCfg = Release|Any CPU
		{3D42D932-A37E-4DBE-827A-22FBACBE061F}.Release|x86.Build.0 = Release|Any CPU
		{3D42D932-A37E-4DBE-827A-22FBACBE061F}.Development|Any CPU.ActiveCfg = Development|Any CPU
		{3D42D932-A37E-4DBE-827A-22FBACBE061F}.Development|Any CPU.Build.0 = Development|Any CPU
		{3D42D932-A37E-4DBE-827A-22FBACBE061F}.Development|x64.ActiveCfg = Development|Any CPU
		{3D42D932-A37E-4DBE-827A-22FBACBE061F}.Development|x64.Build.0 = Development|Any CPU
		{3D42D932-A37E-4DBE-827A-22FBACBE061F}.Development|x86.ActiveCfg = Development|Any CPU
		{3D42D932-A37E-4DBE-827A-22FBACBE061F}.Development|x86.Build.0 = Development|Any CPU
		{C5671DC9-58EE-49AC-B00C-57E4088C8230}.Debug|Any CPU.ActiveCfg = Debug|Any CPU
		{C5671DC9-58EE-49AC-B00C-57E4088C8230}.Debug|Any CPU.Build.0 = Debug|Any CPU
		{C5671DC9-58EE-49AC-B00C-57E4088C8230}.Debug|x64.ActiveCfg = Debug|Any CPU
		{C5671DC9-58EE-49AC-B00C-57E4088C8230}.Debug|x64.Build.0 = Debug|Any CPU
		{C5671DC9-58EE-49AC-B00C-57E4088C8230}.Debug|x86.ActiveCfg = Debug|Any CPU
		{C5671DC9-58EE-49AC-B00C-57E4088C8230}.Debug|x86.Build.0 = Debug|Any CPU
		{C5671DC9-58EE-49AC-B00C-57E4088C8230}.Release|Any CPU.ActiveCfg = Release|Any CPU
		{C5671DC9-58EE-49AC-B00C-57E4088C8230}.Release|Any CPU.Build.0 = Release|Any CPU
		{C5671DC9-58EE-49AC-B00C-57E4088C8230}.Release|x64.ActiveCfg = Release|Any CPU
		{C5671DC9-58EE-49AC-B00C-57E4088C8230}.Release|x64.Build.0 = Release|Any CPU
		{C5671DC9-58EE-49AC-B00C-57E4088C8230}.Release|x86.ActiveCfg = Release|Any CPU
		{C5671DC9-58EE-49AC-B00C-57E4088C8230}.Release|x86.Build.0 = Release|Any CPU
		{C5671DC9-58EE-49AC-B00C-57E4088C8230}.Development|Any CPU.ActiveCfg = Development|Any CPU
		{C5671DC9-58EE-49AC-B00C-57E4088C8230}.Development|Any CPU.Build.0 = Development|Any CPU
		{C5671DC9-58EE-49AC-B00C-57E4088C8230}.Development|x64.ActiveCfg = Development|Any CPU
		{C5671DC9-58EE-49AC-B00C-57E4088C8230}.Development|x64.Build.0 = Development|Any CPU
		{C5671DC9-58EE-49AC-B00C-57E4088C8230}.Development|x86.ActiveCfg = Development|Any CPU
		{C5671DC9-58EE-49AC-B00C-57E4088C8230}.Development|x86.Build.0 = Development|Any CPU
		{72A09ED4-D93F-4E0A-89EC-2E93D5272E80}.Debug|Any CPU.ActiveCfg = Debug|Any CPU
		{72A09ED4-D93F-4E0A-89EC-2E93D5272E80}.Debug|Any CPU.Build.0 = Debug|Any CPU
		{72A09ED4-D93F-4E0A-89EC-2E93D5272E80}.Debug|x64.ActiveCfg = Debug|Any CPU
		{72A09ED4-D93F-4E0A-89EC-2E93D5272E80}.Debug|x64.Build.0 = Debug|Any CPU
		{72A09ED4-D93F-4E0A-89EC-2E93D5272E80}.Debug|x86.ActiveCfg = Debug|Any CPU
		{72A09ED4-D93F-4E0A-89EC-2E93D5272E80}.Debug|x86.Build.0 = Debug|Any CPU
		{72A09ED4-D93F-4E0A-89EC-2E93D5272E80}.Release|Any CPU.ActiveCfg = Release|Any CPU
		{72A09ED4-D93F-4E0A-89EC-2E93D5272E80}.Release|Any CPU.Build.0 = Release|Any CPU
		{72A09ED4-D93F-4E0A-89EC-2E93D5272E80}.Release|x64.ActiveCfg = Release|Any CPU
		{72A09ED4-D93F-4E0A-89EC-2E93D5272E80}.Release|x64.Build.0 = Release|Any CPU
		{72A09ED4-D93F-4E0A-89EC-2E93D5272E80}.Release|x86.ActiveCfg = Release|Any CPU
		{72A09ED4-D93F-4E0A-89EC-2E93D5272E80}.Release|x86.Build.0 = Release|Any CPU
		{72A09ED4-D93F-4E0A-89EC-2E93D5272E80}.Development|Any CPU.ActiveCfg = Development|Any CPU
		{72A09ED4-D93F-4E0A-89EC-2E93D5272E80}.Development|Any CPU.Build.0 = Development|Any CPU
		{72A09ED4-D93F-4E0A-89EC-2E93D5272E80}.Development|x64.ActiveCfg = Development|Any CPU
		{72A09ED4-D93F-4E0A-89EC-2E93D5272E80}.Development|x64.Build.0 = Development|Any CPU
		{72A09ED4-D93F-4E0A-89EC-2E93D5272E80}.Development|x86.ActiveCfg = Development|Any CPU
		{72A09ED4-D93F-4E0A-89EC-2E93D5272E80}.Development|x86.Build.0 = Development|Any CPU
		{8FC771DF-51DB-4BD4-AE0B-CE926E6DBD98}.Debug|Any CPU.ActiveCfg = Debug|Any CPU
		{8FC771DF-51DB-4BD4-AE0B-CE926E6DBD98}.Debug|Any CPU.Build.0 = Debug|Any CPU
		{8FC771DF-51DB-4BD4-AE0B-CE926E6DBD98}.Debug|x64.ActiveCfg = Debug|Any CPU
		{8FC771DF-51DB-4BD4-AE0B-CE926E6DBD98}.Debug|x64.Build.0 = Debug|Any CPU
		{8FC771DF-51DB-4BD4-AE0B-CE926E6DBD98}.Debug|x86.ActiveCfg = Debug|Any CPU
		{8FC771DF-51DB-4BD4-AE0B-CE926E6DBD98}.Debug|x86.Build.0 = Debug|Any CPU
		{8FC771DF-51DB-4BD4-AE0B-CE926E6DBD98}.Release|Any CPU.ActiveCfg = Release|Any CPU
		{8FC771DF-51DB-4BD4-AE0B-CE926E6DBD98}.Release|Any CPU.Build.0 = Release|Any CPU
		{8FC771DF-51DB-4BD4-AE0B-CE926E6DBD98}.Release|x64.ActiveCfg = Release|Any CPU
		{8FC771DF-51DB-4BD4-AE0B-CE926E6DBD98}.Release|x64.Build.0 = Release|Any CPU
		{8FC771DF-51DB-4BD4-AE0B-CE926E6DBD98}.Release|x86.ActiveCfg = Release|Any CPU
		{8FC771DF-51DB-4BD4-AE0B-CE926E6DBD98}.Release|x86.Build.0 = Release|Any CPU
		{8FC771DF-51DB-4BD4-AE0B-CE926E6DBD98}.Development|Any CPU.ActiveCfg = Development|Any CPU
		{8FC771DF-51DB-4BD4-AE0B-CE926E6DBD98}.Development|Any CPU.Build.0 = Development|Any CPU
		{8FC771DF-51DB-4BD4-AE0B-CE926E6DBD98}.Development|x64.ActiveCfg = Development|Any CPU
		{8FC771DF-51DB-4BD4-AE0B-CE926E6DBD98}.Development|x64.Build.0 = Development|Any CPU
		{8FC771DF-51DB-4BD4-AE0B-CE926E6DBD98}.Development|x86.ActiveCfg = Development|Any CPU
		{8FC771DF-51DB-4BD4-AE0B-CE926E6DBD98}.Development|x86.Build.0 = Development|Any CPU
		{DE0E3B94-50F3-4ED5-8D3B-ECBB0882B804}.Debug|Any CPU.ActiveCfg = Debug|Any CPU
		{DE0E3B94-50F3-4ED5-8D3B-ECBB0882B804}.Debug|Any CPU.Build.0 = Debug|Any CPU
		{DE0E3B94-50F3-4ED5-8D3B-ECBB0882B804}.Debug|x64.ActiveCfg = Debug|Any CPU
		{DE0E3B94-50F3-4ED5-8D3B-ECBB0882B804}.Debug|x64.Build.0 = Debug|Any CPU
		{DE0E3B94-50F3-4ED5-8D3B-ECBB0882B804}.Debug|x86.ActiveCfg = Debug|Any CPU
		{DE0E3B94-50F3-4ED5-8D3B-ECBB0882B804}.Debug|x86.Build.0 = Debug|Any CPU
		{DE0E3B94-50F3-4ED5-8D3B-ECBB0882B804}.Release|Any CPU.ActiveCfg = Release|Any CPU
		{DE0E3B94-50F3-4ED5-8D3B-ECBB0882B804}.Release|Any CPU.Build.0 = Release|Any CPU
		{DE0E3B94-50F3-4ED5-8D3B-ECBB0882B804}.Release|x64.ActiveCfg = Release|Any CPU
		{DE0E3B94-50F3-4ED5-8D3B-ECBB0882B804}.Release|x64.Build.0 = Release|Any CPU
		{DE0E3B94-50F3-4ED5-8D3B-ECBB0882B804}.Release|x86.ActiveCfg = Release|Any CPU
		{DE0E3B94-50F3-4ED5-8D3B-ECBB0882B804}.Release|x86.Build.0 = Release|Any CPU
		{DE0E3B94-50F3-4ED5-8D3B-ECBB0882B804}.Development|Any CPU.ActiveCfg = Development|Any CPU
		{DE0E3B94-50F3-4ED5-8D3B-ECBB0882B804}.Development|Any CPU.Build.0 = Development|Any CPU
		{DE0E3B94-50F3-4ED5-8D3B-ECBB0882B804}.Development|x64.ActiveCfg = Development|Any CPU
		{DE0E3B94-50F3-4ED5-8D3B-ECBB0882B804}.Development|x64.Build.0 = Development|Any CPU
		{DE0E3B94-50F3-4ED5-8D3B-ECBB0882B804}.Development|x86.ActiveCfg = Development|Any CPU
		{DE0E3B94-50F3-4ED5-8D3B-ECBB0882B804}.Development|x86.Build.0 = Development|Any CPU
		{7E274A7D-A170-413F-B19F-63B330BECCD6}.Debug|Any CPU.ActiveCfg = Debug|Any CPU
		{7E274A7D-A170-413F-B19F-63B330BECCD6}.Debug|Any CPU.Build.0 = Debug|Any CPU
		{7E274A7D-A170-413F-B19F-63B330BECCD6}.Debug|x64.ActiveCfg = Debug|Any CPU
		{7E274A7D-A170-413F-B19F-63B330BECCD6}.Debug|x64.Build.0 = Debug|Any CPU
		{7E274A7D-A170-413F-B19F-63B330BECCD6}.Debug|x86.ActiveCfg = Debug|Any CPU
		{7E274A7D-A170-413F-B19F-63B330BECCD6}.Debug|x86.Build.0 = Debug|Any CPU
		{7E274A7D-A170-413F-B19F-63B330BECCD6}.Release|Any CPU.ActiveCfg = Release|Any CPU
		{7E274A7D-A170-413F-B19F-63B330BECCD6}.Release|Any CPU.Build.0 = Release|Any CPU
		{7E274A7D-A170-413F-B19F-63B330BECCD6}.Release|x64.ActiveCfg = Release|Any CPU
		{7E274A7D-A170-413F-B19F-63B330BECCD6}.Release|x64.Build.0 = Release|Any CPU
		{7E274A7D-A170-413F-B19F-63B330BECCD6}.Release|x86.ActiveCfg = Release|Any CPU
		{7E274A7D-A170-413F-B19F-63B330BECCD6}.Release|x86.Build.0 = Release|Any CPU
		{7E274A7D-A170-413F-B19F-63B330BECCD6}.Development|Any CPU.ActiveCfg = Development|Any CPU
		{7E274A7D-A170-413F-B19F-63B330BECCD6}.Development|Any CPU.Build.0 = Development|Any CPU
		{7E274A7D-A170-413F-B19F-63B330BECCD6}.Development|x64.ActiveCfg = Development|Any CPU
		{7E274A7D-A170-413F-B19F-63B330BECCD6}.Development|x64.Build.0 = Development|Any CPU
		{7E274A7D-A170-413F-B19F-63B330BECCD6}.Development|x86.ActiveCfg = Development|Any CPU
		{7E274A7D-A170-413F-B19F-63B330BECCD6}.Development|x86.Build.0 = Development|Any CPU
		{99B22128-2954-4A6E-B5E3-F5D0427E61C1}.Debug|Any CPU.ActiveCfg = Debug|Any CPU
		{99B22128-2954-4A6E-B5E3-F5D0427E61C1}.Debug|Any CPU.Build.0 = Debug|Any CPU
		{99B22128-2954-4A6E-B5E3-F5D0427E61C1}.Debug|x64.ActiveCfg = Debug|Any CPU
		{99B22128-2954-4A6E-B5E3-F5D0427E61C1}.Debug|x64.Build.0 = Debug|Any CPU
		{99B22128-2954-4A6E-B5E3-F5D0427E61C1}.Debug|x86.ActiveCfg = Debug|Any CPU
		{99B22128-2954-4A6E-B5E3-F5D0427E61C1}.Debug|x86.Build.0 = Debug|Any CPU
		{99B22128-2954-4A6E-B5E3-F5D0427E61C1}.Release|Any CPU.ActiveCfg = Release|Any CPU
		{99B22128-2954-4A6E-B5E3-F5D0427E61C1}.Release|Any CPU.Build.0 = Release|Any CPU
		{99B22128-2954-4A6E-B5E3-F5D0427E61C1}.Release|x64.ActiveCfg = Release|Any CPU
		{99B22128-2954-4A6E-B5E3-F5D0427E61C1}.Release|x64.Build.0 = Release|Any CPU
		{99B22128-2954-4A6E-B5E3-F5D0427E61C1}.Release|x86.ActiveCfg = Release|Any CPU
		{99B22128-2954-4A6E-B5E3-F5D0427E61C1}.Release|x86.Build.0 = Release|Any CPU
		{99B22128-2954-4A6E-B5E3-F5D0427E61C1}.Development|Any CPU.ActiveCfg = Development|Any CPU
		{99B22128-2954-4A6E-B5E3-F5D0427E61C1}.Development|Any CPU.Build.0 = Development|Any CPU
		{99B22128-2954-4A6E-B5E3-F5D0427E61C1}.Development|x64.ActiveCfg = Development|Any CPU
		{99B22128-2954-4A6E-B5E3-F5D0427E61C1}.Development|x64.Build.0 = Development|Any CPU
		{99B22128-2954-4A6E-B5E3-F5D0427E61C1}.Development|x86.ActiveCfg = Development|Any CPU
		{99B22128-2954-4A6E-B5E3-F5D0427E61C1}.Development|x86.Build.0 = Development|Any CPU
		{ABD8F98E-12A7-4B3F-B6F4-7095BF32641B}.Debug|Any CPU.ActiveCfg = Debug|Any CPU
		{ABD8F98E-12A7-4B3F-B6F4-7095BF32641B}.Debug|Any CPU.Build.0 = Debug|Any CPU
		{ABD8F98E-12A7-4B3F-B6F4-7095BF32641B}.Debug|x64.ActiveCfg = Debug|Any CPU
		{ABD8F98E-12A7-4B3F-B6F4-7095BF32641B}.Debug|x64.Build.0 = Debug|Any CPU
		{ABD8F98E-12A7-4B3F-B6F4-7095BF32641B}.Debug|x86.ActiveCfg = Debug|Any CPU
		{ABD8F98E-12A7-4B3F-B6F4-7095BF32641B}.Debug|x86.Build.0 = Debug|Any CPU
		{ABD8F98E-12A7-4B3F-B6F4-7095BF32641B}.Release|Any CPU.ActiveCfg = Release|Any CPU
		{ABD8F98E-12A7-4B3F-B6F4-7095BF32641B}.Release|Any CPU.Build.0 = Release|Any CPU
		{ABD8F98E-12A7-4B3F-B6F4-7095BF32641B}.Release|x64.ActiveCfg = Release|Any CPU
		{ABD8F98E-12A7-4B3F-B6F4-7095BF32641B}.Release|x64.Build.0 = Release|Any CPU
		{ABD8F98E-12A7-4B3F-B6F4-7095BF32641B}.Release|x86.ActiveCfg = Release|Any CPU
		{ABD8F98E-12A7-4B3F-B6F4-7095BF32641B}.Release|x86.Build.0 = Release|Any CPU
		{ABD8F98E-12A7-4B3F-B6F4-7095BF32641B}.Development|Any CPU.ActiveCfg = Development|Any CPU
		{ABD8F98E-12A7-4B3F-B6F4-7095BF32641B}.Development|Any CPU.Build.0 = Development|Any CPU
		{ABD8F98E-12A7-4B3F-B6F4-7095BF32641B}.Development|x64.ActiveCfg = Development|Any CPU
		{ABD8F98E-12A7-4B3F-B6F4-7095BF32641B}.Development|x64.Build.0 = Development|Any CPU
		{ABD8F98E-12A7-4B3F-B6F4-7095BF32641B}.Development|x86.ActiveCfg = Development|Any CPU
		{ABD8F98E-12A7-4B3F-B6F4-7095BF32641B}.Development|x86.Build.0 = Development|Any CPU
		{31B3B2CF-8463-4086-83EB-709D4A2C5EC5}.Debug|Any CPU.ActiveCfg = Debug|Any CPU
		{31B3B2CF-8463-4086-83EB-709D4A2C5EC5}.Debug|Any CPU.Build.0 = Debug|Any CPU
		{31B3B2CF-8463-4086-83EB-709D4A2C5EC5}.Debug|x64.ActiveCfg = Debug|Any CPU
		{31B3B2CF-8463-4086-83EB-709D4A2C5EC5}.Debug|x64.Build.0 = Debug|Any CPU
		{31B3B2CF-8463-4086-83EB-709D4A2C5EC5}.Debug|x86.ActiveCfg = Debug|Any CPU
		{31B3B2CF-8463-4086-83EB-709D4A2C5EC5}.Debug|x86.Build.0 = Debug|Any CPU
		{31B3B2CF-8463-4086-83EB-709D4A2C5EC5}.Release|Any CPU.ActiveCfg = Release|Any CPU
		{31B3B2CF-8463-4086-83EB-709D4A2C5EC5}.Release|Any CPU.Build.0 = Release|Any CPU
		{31B3B2CF-8463-4086-83EB-709D4A2C5EC5}.Release|x64.ActiveCfg = Release|Any CPU
		{31B3B2CF-8463-4086-83EB-709D4A2C5EC5}.Release|x64.Build.0 = Release|Any CPU
		{31B3B2CF-8463-4086-83EB-709D4A2C5EC5}.Release|x86.ActiveCfg = Release|Any CPU
		{31B3B2CF-8463-4086-83EB-709D4A2C5EC5}.Release|x86.Build.0 = Release|Any CPU
		{31B3B2CF-8463-4086-83EB-709D4A2C5EC5}.Development|Any CPU.ActiveCfg = Development|Any CPU
		{31B3B2CF-8463-4086-83EB-709D4A2C5EC5}.Development|Any CPU.Build.0 = Development|Any CPU
		{31B3B2CF-8463-4086-83EB-709D4A2C5EC5}.Development|x64.ActiveCfg = Development|Any CPU
		{31B3B2CF-8463-4086-83EB-709D4A2C5EC5}.Development|x64.Build.0 = Development|Any CPU
		{31B3B2CF-8463-4086-83EB-709D4A2C5EC5}.Development|x86.ActiveCfg = Development|Any CPU
		{31B3B2CF-8463-4086-83EB-709D4A2C5EC5}.Development|x86.Build.0 = Development|Any CPU
		{9BB1C8AD-A088-4F9D-B86A-E2BA48393909}.Debug|Any CPU.ActiveCfg = Debug|Any CPU
		{9BB1C8AD-A088-4F9D-B86A-E2BA48393909}.Debug|Any CPU.Build.0 = Debug|Any CPU
		{9BB1C8AD-A088-4F9D-B86A-E2BA48393909}.Debug|x64.ActiveCfg = Debug|Any CPU
		{9BB1C8AD-A088-4F9D-B86A-E2BA48393909}.Debug|x64.Build.0 = Debug|Any CPU
		{9BB1C8AD-A088-4F9D-B86A-E2BA48393909}.Debug|x86.ActiveCfg = Debug|Any CPU
		{9BB1C8AD-A088-4F9D-B86A-E2BA48393909}.Debug|x86.Build.0 = Debug|Any CPU
		{9BB1C8AD-A088-4F9D-B86A-E2BA48393909}.Release|Any CPU.ActiveCfg = Release|Any CPU
		{9BB1C8AD-A088-4F9D-B86A-E2BA48393909}.Release|Any CPU.Build.0 = Release|Any CPU
		{9BB1C8AD-A088-4F9D-B86A-E2BA48393909}.Release|x64.ActiveCfg = Release|Any CPU
		{9BB1C8AD-A088-4F9D-B86A-E2BA48393909}.Release|x64.Build.0 = Release|Any CPU
		{9BB1C8AD-A088-4F9D-B86A-E2BA48393909}.Release|x86.ActiveCfg = Release|Any CPU
		{9BB1C8AD-A088-4F9D-B86A-E2BA48393909}.Release|x86.Build.0 = Release|Any CPU
		{9BB1C8AD-A088-4F9D-B86A-E2BA48393909}.Development|Any CPU.ActiveCfg = Development|Any CPU
		{9BB1C8AD-A088-4F9D-B86A-E2BA48393909}.Development|Any CPU.Build.0 = Development|Any CPU
		{9BB1C8AD-A088-4F9D-B86A-E2BA48393909}.Development|x64.ActiveCfg = Development|Any CPU
		{9BB1C8AD-A088-4F9D-B86A-E2BA48393909}.Development|x64.Build.0 = Development|Any CPU
		{9BB1C8AD-A088-4F9D-B86A-E2BA48393909}.Development|x86.ActiveCfg = Development|Any CPU
		{9BB1C8AD-A088-4F9D-B86A-E2BA48393909}.Development|x86.Build.0 = Development|Any CPU
		{E235DF16-3783-4065-964A-C768E5EF238C}.Debug|Any CPU.ActiveCfg = Debug|Any CPU
		{E235DF16-3783-4065-964A-C768E5EF238C}.Debug|Any CPU.Build.0 = Debug|Any CPU
		{E235DF16-3783-4065-964A-C768E5EF238C}.Debug|x64.ActiveCfg = Debug|Any CPU
		{E235DF16-3783-4065-964A-C768E5EF238C}.Debug|x64.Build.0 = Debug|Any CPU
		{E235DF16-3783-4065-964A-C768E5EF238C}.Debug|x86.ActiveCfg = Debug|Any CPU
		{E235DF16-3783-4065-964A-C768E5EF238C}.Debug|x86.Build.0 = Debug|Any CPU
		{E235DF16-3783-4065-964A-C768E5EF238C}.Release|Any CPU.ActiveCfg = Release|Any CPU
		{E235DF16-3783-4065-964A-C768E5EF238C}.Release|Any CPU.Build.0 = Release|Any CPU
		{E235DF16-3783-4065-964A-C768E5EF238C}.Release|x64.ActiveCfg = Release|Any CPU
		{E235DF16-3783-4065-964A-C768E5EF238C}.Release|x64.Build.0 = Release|Any CPU
		{E235DF16-3783-4065-964A-C768E5EF238C}.Release|x86.ActiveCfg = Release|Any CPU
		{E235DF16-3783-4065-964A-C768E5EF238C}.Release|x86.Build.0 = Release|Any CPU
		{E235DF16-3783-4065-964A-C768E5EF238C}.Development|Any CPU.ActiveCfg = Debug|Any CPU
		{E235DF16-3783-4065-964A-C768E5EF238C}.Development|Any CPU.Build.0 = Debug|Any CPU
		{E235DF16-3783-4065-964A-C768E5EF238C}.Development|x64.ActiveCfg = Debug|Any CPU
		{E235DF16-3783-4065-964A-C768E5EF238C}.Development|x64.Build.0 = Debug|Any CPU
		{E235DF16-3783-4065-964A-C768E5EF238C}.Development|x86.ActiveCfg = Debug|Any CPU
		{E235DF16-3783-4065-964A-C768E5EF238C}.Development|x86.Build.0 = Debug|Any CPU
	EndGlobalSection
	GlobalSection(SolutionProperties) = preSolution
		HideSolutionNode = FALSE
	EndGlobalSection
	GlobalSection(NestedProjects) = preSolution
		{49E53340-6B7F-447B-85B4-B497FBC194E5} = {C79CA675-3373-4010-B232-F6B3A2631DFE}
		{51E65B56-77FB-4D00-9260-AB6A3A5A45FB} = {B148FCBA-686B-40C8-A087-456B34DF292C}
		{4F0FACCF-85BB-48EA-8384-9B334669ECD8} = {FE6A6561-0B1F-43D6-A565-E9D80E5B90B3}
		{BABCF6C5-65A6-4963-8D6E-F350ADA23C02} = {90AD3D1A-27BF-490A-A616-8EFC5A29BBC7}
		{9D25F0A5-7B4D-491A-B329-BB40792AB97F} = {F007FA49-D1BA-4F49-B795-A2EA9DBD0BCC}
		{22655C96-5ABD-435F-B0E3-54180D28A1A6} = {B148FCBA-686B-40C8-A087-456B34DF292C}
		{455F972E-DCD1-40F3-AF35-8186891F4CD3} = {B148FCBA-686B-40C8-A087-456B34DF292C}
		{3E8B56DD-424E-4C61-AAAC-049B610C25FA} = {A1077D76-F986-4347-86BC-1E12B2A246D7}
		{8568C9E1-B8AD-4D8A-B7A7-8B2E38424171} = {4E6B79AE-55A2-40BD-91B8-8017462F140B}
		{50E71895-9DFE-44B9-B446-58A6215F9130} = {AE9578E7-238F-4460-ACFE-E1C8095EC1B5}
		{84577513-D8AE-4B93-95F0-89F41619550F} = {F0B289A4-3880-4625-B32D-F6DB8C8FDFA6}
		{241D948A-5292-46BE-81A8-82A6C5AD88E9} = {4E6B79AE-55A2-40BD-91B8-8017462F140B}
		{55080E7A-0B9C-4AAC-B3D1-16A1D402E8F8} = {F0B289A4-3880-4625-B32D-F6DB8C8FDFA6}
		{3D42D932-A37E-4DBE-827A-22FBACBE061F} = {F0B289A4-3880-4625-B32D-F6DB8C8FDFA6}
		{C5671DC9-58EE-49AC-B00C-57E4088C8230} = {AE9578E7-238F-4460-ACFE-E1C8095EC1B5}
		{72A09ED4-D93F-4E0A-89EC-2E93D5272E80} = {FE6A6561-0B1F-43D6-A565-E9D80E5B90B3}
		{B148FCBA-686B-40C8-A087-456B34DF292C} = {EEC7F482-4D96-4447-B7AC-D582B091CF73}
		{C79CA675-3373-4010-B232-F6B3A2631DFE} = {EEC7F482-4D96-4447-B7AC-D582B091CF73}
		{8FC771DF-51DB-4BD4-AE0B-CE926E6DBD98} = {90AD3D1A-27BF-490A-A616-8EFC5A29BBC7}
		{A1077D76-F986-4347-86BC-1E12B2A246D7} = {EEC7F482-4D96-4447-B7AC-D582B091CF73}
		{AE9578E7-238F-4460-ACFE-E1C8095EC1B5} = {A1077D76-F986-4347-86BC-1E12B2A246D7}
		{90AD3D1A-27BF-490A-A616-8EFC5A29BBC7} = {A1077D76-F986-4347-86BC-1E12B2A246D7}
		{F0B289A4-3880-4625-B32D-F6DB8C8FDFA6} = {A1077D76-F986-4347-86BC-1E12B2A246D7}
		{4E6B79AE-55A2-40BD-91B8-8017462F140B} = {C79CA675-3373-4010-B232-F6B3A2631DFE}
		{DE0E3B94-50F3-4ED5-8D3B-ECBB0882B804} = {FE6A6561-0B1F-43D6-A565-E9D80E5B90B3}
		{7E274A7D-A170-413F-B19F-63B330BECCD6} = {C79CA675-3373-4010-B232-F6B3A2631DFE}
		{99B22128-2954-4A6E-B5E3-F5D0427E61C1} = {AE9578E7-238F-4460-ACFE-E1C8095EC1B5}
		{ABD8F98E-12A7-4B3F-B6F4-7095BF32641B} = {F0B289A4-3880-4625-B32D-F6DB8C8FDFA6}
		{31B3B2CF-8463-4086-83EB-709D4A2C5EC5} = {C79CA675-3373-4010-B232-F6B3A2631DFE}
		{9BB1C8AD-A088-4F9D-B86A-E2BA48393909} = {C79CA675-3373-4010-B232-F6B3A2631DFE}
	EndGlobalSection
	GlobalSection(ExtensibilityGlobals) = postSolution
		SolutionGuid = {D4409B46-7B19-425E-8AE0-E2A130B8BB3B}
	EndGlobalSection
EndGlobal
